
Microsoft Visual Studio Solution File, Format Version 12.00
# Visual Studio Version 17
VisualStudioVersion = 17.13.35825.156
MinimumVisualStudioVersion = 10.0.40219.1
Project("{FAE04EC0-301F-11D3-BF4B-00C04F79EFBC}") = "ItlaincenstmentApp", "ItlaincenstmentApp.csproj", "{63C78930-C366-4F2B-A01E-3BA8E245D0A0}"
EndProject
Project("{FAE04EC0-301F-11D3-BF4B-00C04F79EFBC}") = "ItlaincenstmentApp.Core.Aplicationn", "..\Aplicationn\ItlaincenstmentApp.Core.Aplicationn.csproj", "{D1855FCA-8053-4CCD-8E89-3BFA8D4DC9EA}"
EndProject
Project("{FAE04EC0-301F-11D3-BF4B-00C04F79EFBC}") = "ItlaincenstmentApp.Infrastructure.Persistence", "..\Persistence\ItlaincenstmentApp.Infrastructure.Persistence.csproj", "{FDB8E177-3F35-463C-B9D5-631ED1E69F7E}"
EndProject
Project("{2150E333-8FDC-42A3-9474-1A3956D46DE8}") = "Source", "Source", "{02EA681E-C7D8-13C7-8484-4AC65E1B71E8}"
EndProject
Project("{2150E333-8FDC-42A3-9474-1A3956D46DE8}") = "Core", "Core", "{2893B33B-8C6A-4F3B-89ED-B13E92FF6011}"
EndProject
Project("{2150E333-8FDC-42A3-9474-1A3956D46DE8}") = "Infrastructure", "Infrastructure", "{53D0ABD9-55BA-47FF-B570-8334BA58E944}"
EndProject
Project("{2150E333-8FDC-42A3-9474-1A3956D46DE8}") = "Presentation", "Presentation", "{DB5E696F-42A8-4BD7-8256-BE14AF373338}"
EndProject
Project("{2150E333-8FDC-42A3-9474-1A3956D46DE8}") = "WebApp", "WebApp", "{C1C6F948-7194-4C34-9C5B-0E2397C6661A}"
EndProject
Project("{FAE04EC0-301F-11D3-BF4B-00C04F79EFBC}") = "ItlaincenstmentApp.Core.Domain", "..\ItlaincenstmentApp.Core.Domain\ItlaincenstmentApp.Core.Domain.csproj", "{4A00850B-921C-4986-A608-61D413A853F9}"
EndProject
Global
	GlobalSection(SolutionConfigurationPlatforms) = preSolution
		Debug|Any CPU = Debug|Any CPU
		Release|Any CPU = Release|Any CPU
	EndGlobalSection
	GlobalSection(ProjectConfigurationPlatforms) = postSolution
		{63C78930-C366-4F2B-A01E-3BA8E245D0A0}.Debug|Any CPU.ActiveCfg = Debug|Any CPU
		{63C78930-C366-4F2B-A01E-3BA8E245D0A0}.Debug|Any CPU.Build.0 = Debug|Any CPU
		{63C78930-C366-4F2B-A01E-3BA8E245D0A0}.Release|Any CPU.ActiveCfg = Release|Any CPU
		{63C78930-C366-4F2B-A01E-3BA8E245D0A0}.Release|Any CPU.Build.0 = Release|Any CPU
		{D1855FCA-8053-4CCD-8E89-3BFA8D4DC9EA}.Debug|Any CPU.ActiveCfg = Debug|Any CPU
		{D1855FCA-8053-4CCD-8E89-3BFA8D4DC9EA}.Debug|Any CPU.Build.0 = Debug|Any CPU
		{D1855FCA-8053-4CCD-8E89-3BFA8D4DC9EA}.Release|Any CPU.ActiveCfg = Release|Any CPU
		{D1855FCA-8053-4CCD-8E89-3BFA8D4DC9EA}.Release|Any CPU.Build.0 = Release|Any CPU
		{FDB8E177-3F35-463C-B9D5-631ED1E69F7E}.Debug|Any CPU.ActiveCfg = Debug|Any CPU
		{FDB8E177-3F35-463C-B9D5-631ED1E69F7E}.Debug|Any CPU.Build.0 = Debug|Any CPU
		{FDB8E177-3F35-463C-B9D5-631ED1E69F7E}.Release|Any CPU.ActiveCfg = Release|Any CPU
		{FDB8E177-3F35-463C-B9D5-631ED1E69F7E}.Release|Any CPU.Build.0 = Release|Any CPU
		{4A00850B-921C-4986-A608-61D413A853F9}.Debug|Any CPU.ActiveCfg = Debug|Any CPU
		{4A00850B-921C-4986-A608-61D413A853F9}.Debug|Any CPU.Build.0 = Debug|Any CPU
		{4A00850B-921C-4986-A608-61D413A853F9}.Release|Any CPU.ActiveCfg = Release|Any CPU
		{4A00850B-921C-4986-A608-61D413A853F9}.Release|Any CPU.Build.0 = Release|Any CPU
	EndGlobalSection
	GlobalSection(SolutionProperties) = preSolution
		HideSolutionNode = FALSE
	EndGlobalSection
	GlobalSection(NestedProjects) = preSolution
		{63C78930-C366-4F2B-A01E-3BA8E245D0A0} = {C1C6F948-7194-4C34-9C5B-0E2397C6661A}
		{D1855FCA-8053-4CCD-8E89-3BFA8D4DC9EA} = {2893B33B-8C6A-4F3B-89ED-B13E92FF6011}
		{FDB8E177-3F35-463C-B9D5-631ED1E69F7E} = {53D0ABD9-55BA-47FF-B570-8334BA58E944}
		{2893B33B-8C6A-4F3B-89ED-B13E92FF6011} = {02EA681E-C7D8-13C7-8484-4AC65E1B71E8}
		{53D0ABD9-55BA-47FF-B570-8334BA58E944} = {02EA681E-C7D8-13C7-8484-4AC65E1B71E8}
		{DB5E696F-42A8-4BD7-8256-BE14AF373338} = {02EA681E-C7D8-13C7-8484-4AC65E1B71E8}
		{C1C6F948-7194-4C34-9C5B-0E2397C6661A} = {DB5E696F-42A8-4BD7-8256-BE14AF373338}
		{4A00850B-921C-4986-A608-61D413A853F9} = {2893B33B-8C6A-4F3B-89ED-B13E92FF6011}
	EndGlobalSection
	GlobalSection(ExtensibilityGlobals) = postSolution
		SolutionGuid = {BE48C6A5-E924-4984-923B-0C70C2AC71DF}
	EndGlobalSection
EndGlobal
