
Microsoft Visual Studio Solution File, Format Version 12.00
# Visual Studio Version 17
VisualStudioVersion = 17.13.35825.156
MinimumVisualStudioVersion = 10.0.40219.1
Project("{2150E333-8FDC-42A3-9474-1A3956D46DE8}") = "Source", "Source", "{02EA681E-C7D8-13C7-8484-4AC65E1B71E8}"
EndProject
Project("{2150E333-8FDC-42A3-9474-1A3956D46DE8}") = "Core", "Core", "{2893B33B-8C6A-4F3B-89ED-B13E92FF6011}"
EndProject
Project("{2150E333-8FDC-42A3-9474-1A3956D46DE8}") = "Infrastructure", "Infrastructure", "{53D0ABD9-55BA-47FF-B570-8334BA58E944}"
EndProject
Project("{2150E333-8FDC-42A3-9474-1A3956D46DE8}") = "Presentation", "Presentation", "{DB5E696F-42A8-4BD7-8256-BE14AF373338}"
EndProject
Project("{2150E333-8FDC-42A3-9474-1A3956D46DE8}") = "WebApp", "WebApp", "{C1C6F948-7194-4C34-9C5B-0E2397C6661A}"
EndProject
Project("{FAE04EC0-301F-11D3-BF4B-00C04F79EFBC}") = "ItlaincenstmentApp.Core.Aplicationn", "Sources\Core\ItlaincenstmentApp.Core.Aplicationn\ItlaincenstmentApp.Core.Aplicationn.csproj", "{AAEAD8D6-AA37-6785-200F-63F6FAD6297F}"
EndProject
Project("{FAE04EC0-301F-11D3-BF4B-00C04F79EFBC}") = "ItlaincenstmentApp.Core.Domain", "Sources\Core\ItlaincenstmentApp.Core.Domain\ItlaincenstmentApp.Core.Domain.csproj", "{09ED83BE-594C-225B-8BEA-03756C472C8E}"
EndProject
Project("{FAE04EC0-301F-11D3-BF4B-00C04F79EFBC}") = "ItlaincenstmentApp.Infrastructure.Persistence", "Sources\Infrastructure\ItlaincenstmentApp.Infrastructure.Persistence\ItlaincenstmentApp.Infrastructure.Persistence.csproj", "{372347E9-36E7-6953-B944-6DF4272EC107}"
EndProject
Project("{FAE04EC0-301F-11D3-BF4B-00C04F79EFBC}") = "ItlaincenstmentApp", "Sources\Presentation\WebApp\ItlaincenstmentApp.csproj", "{6E73B839-A151-D449-F08E-0110D468D9D2}"
EndProject
Global
	GlobalSection(SolutionConfigurationPlatforms) = preSolution
		Debug|Any CPU = Debug|Any CPU
		Release|Any CPU = Release|Any CPU
	EndGlobalSection
	GlobalSection(ProjectConfigurationPlatforms) = postSolution
		{AAEAD8D6-AA37-6785-200F-63F6FAD6297F}.Debug|Any CPU.ActiveCfg = Debug|Any CPU
		{AAEAD8D6-AA37-6785-200F-63F6FAD6297F}.Debug|Any CPU.Build.0 = Debug|Any CPU
		{AAEAD8D6-AA37-6785-200F-63F6FAD6297F}.Release|Any CPU.ActiveCfg = Release|Any CPU
		{AAEAD8D6-AA37-6785-200F-63F6FAD6297F}.Release|Any CPU.Build.0 = Release|Any CPU
		{09ED83BE-594C-225B-8BEA-03756C472C8E}.Debug|Any CPU.ActiveCfg = Debug|Any CPU
		{09ED83BE-594C-225B-8BEA-03756C472C8E}.Debug|Any CPU.Build.0 = Debug|Any CPU
		{09ED83BE-594C-225B-8BEA-03756C472C8E}.Release|Any CPU.ActiveCfg = Release|Any CPU
		{09ED83BE-594C-225B-8BEA-03756C472C8E}.Release|Any CPU.Build.0 = Release|Any CPU
		{372347E9-36E7-6953-B944-6DF4272EC107}.Debug|Any CPU.ActiveCfg = Debug|Any CPU
		{372347E9-36E7-6953-B944-6DF4272EC107}.Debug|Any CPU.Build.0 = Debug|Any CPU
		{372347E9-36E7-6953-B944-6DF4272EC107}.Release|Any CPU.ActiveCfg = Release|Any CPU
		{372347E9-36E7-6953-B944-6DF4272EC107}.Release|Any CPU.Build.0 = Release|Any CPU
		{6E73B839-A151-D449-F08E-0110D468D9D2}.Debug|Any CPU.ActiveCfg = Debug|Any CPU
		{6E73B839-A151-D449-F08E-0110D468D9D2}.Debug|Any CPU.Build.0 = Debug|Any CPU
		{6E73B839-A151-D449-F08E-0110D468D9D2}.Release|Any CPU.ActiveCfg = Release|Any CPU
		{6E73B839-A151-D449-F08E-0110D468D9D2}.Release|Any CPU.Build.0 = Release|Any CPU
	EndGlobalSection
	GlobalSection(SolutionProperties) = preSolution
		HideSolutionNode = FALSE
	EndGlobalSection
	GlobalSection(NestedProjects) = preSolution
		{2893B33B-8C6A-4F3B-89ED-B13E92FF6011} = {02EA681E-C7D8-13C7-8484-4AC65E1B71E8}
		{53D0ABD9-55BA-47FF-B570-8334BA58E944} = {02EA681E-C7D8-13C7-8484-4AC65E1B71E8}
		{DB5E696F-42A8-4BD7-8256-BE14AF373338} = {02EA681E-C7D8-13C7-8484-4AC65E1B71E8}
		{C1C6F948-7194-4C34-9C5B-0E2397C6661A} = {DB5E696F-42A8-4BD7-8256-BE14AF373338}
		{AAEAD8D6-AA37-6785-200F-63F6FAD6297F} = {2893B33B-8C6A-4F3B-89ED-B13E92FF6011}
		{09ED83BE-594C-225B-8BEA-03756C472C8E} = {2893B33B-8C6A-4F3B-89ED-B13E92FF6011}
		{372347E9-36E7-6953-B944-6DF4272EC107} = {53D0ABD9-55BA-47FF-B570-8334BA58E944}
		{6E73B839-A151-D449-F08E-0110D468D9D2} = {C1C6F948-7194-4C34-9C5B-0E2397C6661A}
	EndGlobalSection
	GlobalSection(ExtensibilityGlobals) = postSolution
		SolutionGuid = {BE48C6A5-E924-4984-923B-0C70C2AC71DF}
	EndGlobalSection
EndGlobal
